{
  "name": "bingoonline",
  "version": "1.0.0",
  "lockfileVersion": 2,
  "requires": true,
  "packages": {
    "": {
      "name": "bingoonline",
      "version": "1.0.0",
      "license": "ISC",
      "dependencies": {
        "@withshepherd/faker": "^5.5.5"
      }
    },
    "node_modules/@withshepherd/faker": {
      "version": "5.5.5",
      "resolved": "https://registry.npmjs.org/@withshepherd/faker/-/faker-5.5.5.tgz",
      "integrity": "sha512-JgWi87zb13lrQxBc4A5my60mrZhGFgB6ixaQ1Tz2CBt5eg/6FahQiDFouI/IAW3TtX/Xeoj23AsiehQaUYddcw=="
    }
  },
  "dependencies": {
    "@withshepherd/faker": {
      "version": "5.5.5",
      "resolved": "https://registry.npmjs.org/@withshepherd/faker/-/faker-5.5.5.tgz",
      "integrity": "sha512-JgWi87zb13lrQxBc4A5my60mrZhGFgB6ixaQ1Tz2CBt5eg/6FahQiDFouI/IAW3TtX/Xeoj23AsiehQaUYddcw=="
    }
  }
}
